
Microsoft Visual Studio Solution File, Format Version 12.00
# Visual Studio Version 16
VisualStudioVersion = 16.0.31321.278
MinimumVisualStudioVersion = 10.0.40219.1
Project("{FAE04EC0-301F-11D3-BF4B-00C04F79EFBC}") = "Wireframe", "Wireframe\Wireframe.csproj", "{CF430F94-9EA0-4BB6-A530-7420EF25257A}"
EndProject
Global
	GlobalSection(SolutionConfigurationPlatforms) = preSolution
		Debug|Any CPU = Debug|Any CPU
		Release|Any CPU = Release|Any CPU
	EndGlobalSection
	GlobalSection(ProjectConfigurationPlatforms) = postSolution
		{CF430F94-9EA0-4BB6-A530-7420EF25257A}.Debug|Any CPU.ActiveCfg = Debug|Any CPU
		{CF430F94-9EA0-4BB6-A530-7420EF25257A}.Debug|Any CPU.Build.0 = Debug|Any CPU
		{CF430F94-9EA0-4BB6-A530-7420EF25257A}.Release|Any CPU.ActiveCfg = Release|Any CPU
		{CF430F94-9EA0-4BB6-A530-7420EF25257A}.Release|Any CPU.Build.0 = Release|Any CPU
	EndGlobalSection
	GlobalSection(SolutionProperties) = preSolution
		HideSolutionNode = FALSE
	EndGlobalSection
	GlobalSection(ExtensibilityGlobals) = postSolution
		SolutionGuid = {8DD095CD-D3EA-49D8-9C87-7FEBB2F32B39}
	EndGlobalSection
EndGlobal
